github.com/google/go-cmp v0.5.9 h1:O2Tfq5qg4qc4AmwVlvv0oLiVAGB7enBSJ2x2DqQFi38=
github.com/google/go-cmp v0.5.9/go.mod h1:17dUlkBOakJ0+DkrSSNjCkIjxS6bF9zb3elmeNGIjoY=
github.com/sashabaranov/go-openai v1.9.3 h1:uNak3Rn5pPsKRs9bdT7RqRZEyej/zdZOEI2/8wvrFtM=
github.com/sashabaranov/go-openai v1.9.3/go.mod h1:lj5b/K+zjTSFxVLijLSTDZuP7adOgerWeFyZLUhAKRg=
